
Microsoft Visual Studio Solution File, Format Version 12.00
# Visual Studio Version 17
VisualStudioVersion = 17.5.002.0
MinimumVisualStudioVersion = 10.0.40219.1
Project("{9A19103F-16F7-4668-BE54-9A1E7A4F7556}") = "NNLTCsharp.Test11", "NNLTCsharp.Test11\NNLTCsharp.Test11.csproj", "{CBE86227-A6B1-4426-9851-BB391A30F750}"
EndProject
Project("{9A19103F-16F7-4668-BE54-9A1E7A4F7556}") = "Buoi11", "Buoi11\Buoi11.csproj", "{7A6BCD85-306D-473D-B610-EAAF864EC4FE}"
EndProject
Project("{9A19103F-16F7-4668-BE54-9A1E7A4F7556}") = "NNLTCsharp", "Buoi1\NNLTCsharp.csproj", "{486CBE2D-4CF9-43B9-AE74-D8D092E09AD8}"
EndProject
Project("{9A19103F-16F7-4668-BE54-9A1E7A4F7556}") = "NNLTCsharp.Test", "NNLTCsharp.Test1\NNLTCsharp.Test.csproj", "{C5E14C53-0E81-4084-8A70-554E4DEF7BC8}"
EndProject
Global
	GlobalSection(SolutionConfigurationPlatforms) = preSolution
		Debug|Any CPU = Debug|Any CPU
		Release|Any CPU = Release|Any CPU
	EndGlobalSection
	GlobalSection(ProjectConfigurationPlatforms) = postSolution
		{CBE86227-A6B1-4426-9851-BB391A30F750}.Debug|Any CPU.ActiveCfg = Debug|Any CPU
		{CBE86227-A6B1-4426-9851-BB391A30F750}.Debug|Any CPU.Build.0 = Debug|Any CPU
		{CBE86227-A6B1-4426-9851-BB391A30F750}.Release|Any CPU.ActiveCfg = Release|Any CPU
		{CBE86227-A6B1-4426-9851-BB391A30F750}.Release|Any CPU.Build.0 = Release|Any CPU
		{7A6BCD85-306D-473D-B610-EAAF864EC4FE}.Debug|Any CPU.ActiveCfg = Debug|Any CPU
		{7A6BCD85-306D-473D-B610-EAAF864EC4FE}.Debug|Any CPU.Build.0 = Debug|Any CPU
		{7A6BCD85-306D-473D-B610-EAAF864EC4FE}.Release|Any CPU.ActiveCfg = Release|Any CPU
		{7A6BCD85-306D-473D-B610-EAAF864EC4FE}.Release|Any CPU.Build.0 = Release|Any CPU
		{486CBE2D-4CF9-43B9-AE74-D8D092E09AD8}.Debug|Any CPU.ActiveCfg = Debug|Any CPU
		{486CBE2D-4CF9-43B9-AE74-D8D092E09AD8}.Debug|Any CPU.Build.0 = Debug|Any CPU
		{486CBE2D-4CF9-43B9-AE74-D8D092E09AD8}.Release|Any CPU.ActiveCfg = Release|Any CPU
		{486CBE2D-4CF9-43B9-AE74-D8D092E09AD8}.Release|Any CPU.Build.0 = Release|Any CPU
		{C5E14C53-0E81-4084-8A70-554E4DEF7BC8}.Debug|Any CPU.ActiveCfg = Debug|Any CPU
		{C5E14C53-0E81-4084-8A70-554E4DEF7BC8}.Debug|Any CPU.Build.0 = Debug|Any CPU
		{C5E14C53-0E81-4084-8A70-554E4DEF7BC8}.Release|Any CPU.ActiveCfg = Release|Any CPU
		{C5E14C53-0E81-4084-8A70-554E4DEF7BC8}.Release|Any CPU.Build.0 = Release|Any CPU
	EndGlobalSection
	GlobalSection(SolutionProperties) = preSolution
		HideSolutionNode = FALSE
	EndGlobalSection
	GlobalSection(ExtensibilityGlobals) = postSolution
		SolutionGuid = {459B4C4E-C7FE-4624-B354-023C934E0E37}
	EndGlobalSection
EndGlobal
